
Microsoft Visual Studio Solution File, Format Version 12.00
# Visual Studio Version 16
VisualStudioVersion = 16.0.30225.117
MinimumVisualStudioVersion = 10.0.40219.1
Project("{9A19103F-16F7-4668-BE54-9A1E7A4F7556}") = "GuggenheimTest", "GuggenheimTest\GuggenheimTest.csproj", "{40460CD1-64AA-497E-BE75-70BC2A02AFE8}"
EndProject
Project("{FAE04EC0-301F-11D3-BF4B-00C04F79EFBC}") = "XUnitTestProject1", "XUnitTestProject1\XUnitTestProject1.csproj", "{DE11C141-1BA0-487F-932F-CBF79426BDD1}"
EndProject
Global
	GlobalSection(SolutionConfigurationPlatforms) = preSolution
		Debug|Any CPU = Debug|Any CPU
		Release|Any CPU = Release|Any CPU
	EndGlobalSection
	GlobalSection(ProjectConfigurationPlatforms) = postSolution
		{40460CD1-64AA-497E-BE75-70BC2A02AFE8}.Debug|Any CPU.ActiveCfg = Debug|Any CPU
		{40460CD1-64AA-497E-BE75-70BC2A02AFE8}.Debug|Any CPU.Build.0 = Debug|Any CPU
		{40460CD1-64AA-497E-BE75-70BC2A02AFE8}.Release|Any CPU.ActiveCfg = Release|Any CPU
		{40460CD1-64AA-497E-BE75-70BC2A02AFE8}.Release|Any CPU.Build.0 = Release|Any CPU
		{DE11C141-1BA0-487F-932F-CBF79426BDD1}.Debug|Any CPU.ActiveCfg = Debug|Any CPU
		{DE11C141-1BA0-487F-932F-CBF79426BDD1}.Debug|Any CPU.Build.0 = Debug|Any CPU
		{DE11C141-1BA0-487F-932F-CBF79426BDD1}.Release|Any CPU.ActiveCfg = Release|Any CPU
		{DE11C141-1BA0-487F-932F-CBF79426BDD1}.Release|Any CPU.Build.0 = Release|Any CPU
	EndGlobalSection
	GlobalSection(SolutionProperties) = preSolution
		HideSolutionNode = FALSE
	EndGlobalSection
	GlobalSection(ExtensibilityGlobals) = postSolution
		SolutionGuid = {225AFDD6-36F7-4E63-A69A-DA2195A0A97C}
	EndGlobalSection
EndGlobal
